
Microsoft Visual Studio Solution File, Format Version 11.00
# Visual Studio 2010
Project("{FAE04EC0-301F-11D3-BF4B-00C04F79EFBC}") = "PhotonUnityNetworking.Demos", "PhotonUnityNetworking.Demos.csproj", "{e4f5f1ba-d682-bbae-2516-2457ea7a118d}"
EndProject
Project("{FAE04EC0-301F-11D3-BF4B-00C04F79EFBC}") = "Assembly-CSharp", "Assembly-CSharp.csproj", "{74feb745-74c1-582c-2a58-f825f6898c54}"
EndProject
Project("{FAE04EC0-301F-11D3-BF4B-00C04F79EFBC}") = "PhotonUnityNetworking.Utilities", "PhotonUnityNetworking.Utilities.csproj", "{b80fe3a0-4ed1-0a4a-9456-ad3afbbe1336}"
EndProject
Project("{FAE04EC0-301F-11D3-BF4B-00C04F79EFBC}") = "Assembly-CSharp-firstpass", "Assembly-CSharp-firstpass.csproj", "{0b765de9-b082-2329-254c-6a1bc1bee771}"
EndProject
Project("{FAE04EC0-301F-11D3-BF4B-00C04F79EFBC}") = "PhotonChat", "PhotonChat.csproj", "{e8a5b30a-7dbf-8205-e904-7739dd6b174e}"
EndProject
Project("{FAE04EC0-301F-11D3-BF4B-00C04F79EFBC}") = "PhotonUnityNetworking", "PhotonUnityNetworking.csproj", "{04d782a0-f5db-5634-2c8b-832f0ba81427}"
EndProject
Project("{FAE04EC0-301F-11D3-BF4B-00C04F79EFBC}") = "PhotonRealtime", "PhotonRealtime.csproj", "{f11b8286-4119-9a3e-00c2-e4ed5bf0fed4}"
EndProject
Project("{FAE04EC0-301F-11D3-BF4B-00C04F79EFBC}") = "Assembly-CSharp-Editor-firstpass", "Assembly-CSharp-Editor-firstpass.csproj", "{eafb4bca-fa7a-aebd-53f1-c3cc6acf6781}"
EndProject
Project("{FAE04EC0-301F-11D3-BF4B-00C04F79EFBC}") = "PhotonUnityNetworking.Editor", "PhotonUnityNetworking.Editor.csproj", "{fcac5922-7ba8-2253-bd96-b9a25db04a84}"
EndProject
Project("{FAE04EC0-301F-11D3-BF4B-00C04F79EFBC}") = "ParrelSync", "ParrelSync.csproj", "{ea29a3fa-a10f-4745-b080-b23861220abd}"
EndProject
Project("{FAE04EC0-301F-11D3-BF4B-00C04F79EFBC}") = "PunDemos.DemoHubEditor", "PunDemos.DemoHubEditor.csproj", "{4b1d6e48-eb09-9861-a64d-65674923e1e2}"
EndProject
Project("{FAE04EC0-301F-11D3-BF4B-00C04F79EFBC}") = "PhotonUnityNetworking.Utilities.PhotonPlayer.Editor", "PhotonUnityNetworking.Utilities.PhotonPlayer.Editor.csproj", "{f12b89a8-9457-4aba-20b6-b130f5fa63ce}"
EndProject
Project("{FAE04EC0-301F-11D3-BF4B-00C04F79EFBC}") = "PhotonUnityNetworking.Utilities.Culling.Editor", "PhotonUnityNetworking.Utilities.Culling.Editor.csproj", "{b09dac6d-ec93-7149-eb4e-9f1e32742e31}"
EndProject
Project("{FAE04EC0-301F-11D3-BF4B-00C04F79EFBC}") = "PunDemos.DemoSlotcarEditor", "PunDemos.DemoSlotcarEditor.csproj", "{82ac566f-20d5-b742-4564-04accdb08db5}"
EndProject
Global
	GlobalSection(SolutionConfigurationPlatforms) = preSolution
		Debug|Any CPU = Debug|Any CPU
	EndGlobalSection
	GlobalSection(ProjectConfigurationPlatforms) = postSolution
		{e4f5f1ba-d682-bbae-2516-2457ea7a118d}.Debug|Any CPU.ActiveCfg = Debug|Any CPU
		{e4f5f1ba-d682-bbae-2516-2457ea7a118d}.Debug|Any CPU.Build.0 = Debug|Any CPU
		{74feb745-74c1-582c-2a58-f825f6898c54}.Debug|Any CPU.ActiveCfg = Debug|Any CPU
		{74feb745-74c1-582c-2a58-f825f6898c54}.Debug|Any CPU.Build.0 = Debug|Any CPU
		{b80fe3a0-4ed1-0a4a-9456-ad3afbbe1336}.Debug|Any CPU.ActiveCfg = Debug|Any CPU
		{b80fe3a0-4ed1-0a4a-9456-ad3afbbe1336}.Debug|Any CPU.Build.0 = Debug|Any CPU
		{0b765de9-b082-2329-254c-6a1bc1bee771}.Debug|Any CPU.ActiveCfg = Debug|Any CPU
		{0b765de9-b082-2329-254c-6a1bc1bee771}.Debug|Any CPU.Build.0 = Debug|Any CPU
		{e8a5b30a-7dbf-8205-e904-7739dd6b174e}.Debug|Any CPU.ActiveCfg = Debug|Any CPU
		{e8a5b30a-7dbf-8205-e904-7739dd6b174e}.Debug|Any CPU.Build.0 = Debug|Any CPU
		{04d782a0-f5db-5634-2c8b-832f0ba81427}.Debug|Any CPU.ActiveCfg = Debug|Any CPU
		{04d782a0-f5db-5634-2c8b-832f0ba81427}.Debug|Any CPU.Build.0 = Debug|Any CPU
		{f11b8286-4119-9a3e-00c2-e4ed5bf0fed4}.Debug|Any CPU.ActiveCfg = Debug|Any CPU
		{f11b8286-4119-9a3e-00c2-e4ed5bf0fed4}.Debug|Any CPU.Build.0 = Debug|Any CPU
		{eafb4bca-fa7a-aebd-53f1-c3cc6acf6781}.Debug|Any CPU.ActiveCfg = Debug|Any CPU
		{eafb4bca-fa7a-aebd-53f1-c3cc6acf6781}.Debug|Any CPU.Build.0 = Debug|Any CPU
		{fcac5922-7ba8-2253-bd96-b9a25db04a84}.Debug|Any CPU.ActiveCfg = Debug|Any CPU
		{fcac5922-7ba8-2253-bd96-b9a25db04a84}.Debug|Any CPU.Build.0 = Debug|Any CPU
		{ea29a3fa-a10f-4745-b080-b23861220abd}.Debug|Any CPU.ActiveCfg = Debug|Any CPU
		{ea29a3fa-a10f-4745-b080-b23861220abd}.Debug|Any CPU.Build.0 = Debug|Any CPU
		{4b1d6e48-eb09-9861-a64d-65674923e1e2}.Debug|Any CPU.ActiveCfg = Debug|Any CPU
		{4b1d6e48-eb09-9861-a64d-65674923e1e2}.Debug|Any CPU.Build.0 = Debug|Any CPU
		{f12b89a8-9457-4aba-20b6-b130f5fa63ce}.Debug|Any CPU.ActiveCfg = Debug|Any CPU
		{f12b89a8-9457-4aba-20b6-b130f5fa63ce}.Debug|Any CPU.Build.0 = Debug|Any CPU
		{b09dac6d-ec93-7149-eb4e-9f1e32742e31}.Debug|Any CPU.ActiveCfg = Debug|Any CPU
		{b09dac6d-ec93-7149-eb4e-9f1e32742e31}.Debug|Any CPU.Build.0 = Debug|Any CPU
		{82ac566f-20d5-b742-4564-04accdb08db5}.Debug|Any CPU.ActiveCfg = Debug|Any CPU
		{82ac566f-20d5-b742-4564-04accdb08db5}.Debug|Any CPU.Build.0 = Debug|Any CPU
	EndGlobalSection
	GlobalSection(SolutionProperties) = preSolution
		HideSolutionNode = FALSE
	EndGlobalSection
EndGlobal
